# generated by rye
# use `rye lock` or `rye sync` to update this lockfile
#
# last locked with the following flags:
#   pre: false
#   features: []
#   all-features: false
#   with-sources: false
#   generate-hashes: false
#   universal: false

-e file:.
adjusttext==1.2.0
    # via prdx
certifi==2024.7.4
    # via requests
charset-normalizer==3.3.2
    # via requests
contourpy==1.2.1
    # via matplotlib
cycler==0.12.1
    # via matplotlib
fonttools==4.53.1
    # via matplotlib
gseapy==1.1.3
    # via prdx
idna==3.7
    # via requests
joblib==1.4.2
    # via scikit-learn
kiwisolver==1.4.5
    # via matplotlib
matplotlib==3.9.2
    # via adjusttext
    # via gseapy
    # via prdx
numpy==2.0.1
    # via adjusttext
    # via contourpy
    # via gseapy
    # via matplotlib
    # via pandas
    # via prdx
    # via scikit-learn
    # via scipy
packaging==24.1
    # via matplotlib
    # via plotly
pandas==2.2.2
    # via gseapy
    # via prdx
pillow==10.4.0
    # via matplotlib
plotly==5.23.0
    # via prdx
pyparsing==3.1.2
    # via matplotlib
python-dateutil==2.9.0.post0
    # via matplotlib
    # via pandas
pytz==2024.1
    # via pandas
requests==2.32.3
    # via gseapy
scikit-learn==1.5.1
    # via prdx
scipy==1.14.0
    # via adjusttext
    # via gseapy
    # via prdx
    # via scikit-learn
six==1.16.0
    # via python-dateutil
tenacity==9.0.0
    # via plotly
threadpoolctl==3.5.0
    # via scikit-learn
tzdata==2024.1
    # via pandas
urllib3==2.2.2
    # via requests
